// !$*UTF8*$!
{
	archiveVersion = 1;
	classes = {
	};
	objectVersion = 50;
	objects = {

/* Begin PBXBuildFile section */
		C9726A2C2461012100CC1B3D /* AppDelegate.swift in Sources */ = {isa = PBXBuildFile; fileRef = C9726A2B2461012100CC1B3D /* AppDelegate.swift */; };
		C9726A2E2461012100CC1B3D /* SceneDelegate.swift in Sources */ = {isa = PBXBuildFile; fileRef = C9726A2D2461012100CC1B3D /* SceneDelegate.swift */; };
		C9726A302461012100CC1B3D /* ViewController.swift in Sources */ = {isa = PBXBuildFile; fileRef = C9726A2F2461012100CC1B3D /* ViewController.swift */; };
		C9726A332461012100CC1B3D /* Main.storyboard in Resources */ = {isa = PBXBuildFile; fileRef = C9726A312461012100CC1B3D /* Main.storyboard */; };
		C9726A352461012400CC1B3D /* Assets.xcassets in Resources */ = {isa = PBXBuildFile; fileRef = C9726A342461012400CC1B3D /* Assets.xcassets */; };
		C9726A382461012400CC1B3D /* LaunchScreen.storyboard in Resources */ = {isa = PBXBuildFile; fileRef = C9726A362461012400CC1B3D /* LaunchScreen.storyboard */; };
		C9726A432461012400CC1B3D /* test004Tests.swift in Sources */ = {isa = PBXBuildFile; fileRef = C9726A422461012400CC1B3D /* test004Tests.swift */; };
		C9726A4E2461012400CC1B3D /* test004UITests.swift in Sources */ = {isa = PBXBuildFile; fileRef = C9726A4D2461012400CC1B3D /* test004UITests.swift */; };
/* End PBXBuildFile section */

/* Begin PBXContainerItemProxy section */
		C9726A3F2461012400CC1B3D /* PBXContainerItemProxy */ = {
			isa = PBXContainerItemProxy;
			containerPortal = C9726A202461012100CC1B3D /* Project object */;
			proxyType = 1;
			remoteGlobalIDString = C9726A272461012100CC1B3D;
			remoteInfo = test004;
		};
		C9726A4A2461012400CC1B3D /* PBXContainerItemProxy */ = {
			isa = PBXContainerItemProxy;
			containerPortal = C9726A202461012100CC1B3D /* Project object */;
			proxyType = 1;
			remoteGlobalIDString = C9726A272461012100CC1B3D;
			remoteInfo = test004;
		};
/* End PBXContainerItemProxy section */

/* Begin PBXFileReference section */
		C9726A282461012100CC1B3D /* test004.app */ = {isa = PBXFileReference; explicitFileType = wrapper.application; includeInIndex = 0; path = test004.app; sourceTree = BUILT_PRODUCTS_DIR; };
		C9726A2B2461012100CC1B3D /* AppDelegate.swift */ = {isa = PBXFileReference; lastKnownFileType = sourcecode.swift; path = AppDelegate.swift; sourceTree = "<group>"; };
		C9726A2D2461012100CC1B3D /* SceneDelegate.swift */ = {isa = PBXFileReference; lastKnownFileType = sourcecode.swift; path = SceneDelegate.swift; sourceTree = "<group>"; };
		C9726A2F2461012100CC1B3D /* ViewController.swift */ = {isa = PBXFileReference; lastKnownFileType = sourcecode.swift; path = ViewController.swift; sourceTree = "<group>"; };
		C9726A322461012100CC1B3D /* Base */ = {isa = PBXFileReference; lastKnownFileType = file.storyboard; name = Base; path = Base.lproj/Main.storyboard; sourceTree = "<group>"; };
		C9726A342461012400CC1B3D /* Assets.xcassets */ = {isa = PBXFileReference; lastKnownFileType = folder.assetcatalog; path = Assets.xcassets; sourceTree = "<group>"; };
		C9726A372461012400CC1B3D /* Base */ = {isa = PBXFileReference; lastKnownFileType = file.storyboard; name = Base; path = Base.lproj/LaunchScreen.storyboard; sourceTree = "<group>"; };
		C9726A392461012400CC1B3D /* Info.plist */ = {isa = PBXFileReference; lastKnownFileType = text.plist.xml; path = Info.plist; sourceTree = "<group>"; };
		C9726A3E2461012400CC1B3D /* test004Tests.xctest */ = {isa = PBXFileReference; explicitFileType = wrapper.cfbundle; includeInIndex = 0; path = test004Tests.xctest; sourceTree = BUILT_PRODUCTS_DIR; };
		C9726A422461012400CC1B3D /* test004Tests.swift */ = {isa = PBXFileReference; lastKnownFileType = sourcecode.swift; path = test004Tests.swift; sourceTree = "<group>"; };
		C9726A442461012400CC1B3D /* Info.plist */ = {isa = PBXFileReference; lastKnownFileType = text.plist.xml; path = Info.plist; sourceTree = "<group>"; };
		C9726A492461012400CC1B3D /* test004UITests.xctest */ = {isa = PBXFileReference; explicitFileType = wrapper.cfbundle; includeInIndex = 0; path = test004UITests.xctest; sourceTree = BUILT_PRODUCTS_DIR; };
		C9726A4D2461012400CC1B3D /* test004UITests.swift */ = {isa = PBXFileReference; lastKnownFileType = sourcecode.swift; path = test004UITests.swift; sourceTree = "<group>"; };
		C9726A4F2461012400CC1B3D /* Info.plist */ = {isa = PBXFileReference; lastKnownFileType = text.plist.xml; path = Info.plist; sourceTree = "<group>"; };
/* End PBXFileReference section */

/* Begin PBXFrameworksBuildPhase section */
		C9726A252461012100CC1B3D /* Frameworks */ = {
			isa = PBXFrameworksBuildPhase;
			buildActionMask = 2147483647;
			files = (
			);
			runOnlyForDeploymentPostprocessing = 0;
		};
		C9726A3B2461012400CC1B3D /* Frameworks */ = {
			isa = PBXFrameworksBuildPhase;
			buildActionMask = 2147483647;
			files = (
			);
			runOnlyForDeploymentPostprocessing = 0;
		};
		C9726A462461012400CC1B3D /* Frameworks */ = {
			isa = PBXFrameworksBuildPhase;
			buildActionMask = 2147483647;
			files = (
			);
			runOnlyForDeploymentPostprocessing = 0;
		};
/* End PBXFrameworksBuildPhase section */

/* Begin PBXGroup section */
		C9726A1F2461012100CC1B3D = {
			isa = PBXGroup;
			children = (
				C9726A2A2461012100CC1B3D /* test004 */,
				C9726A412461012400CC1B3D /* test004Tests */,
				C9726A4C2461012400CC1B3D /* test004UITests */,
				C9726A292461012100CC1B3D /* Products */,
			);
			sourceTree = "<group>";
		};
		C9726A292461012100CC1B3D /* Products */ = {
			isa = PBXGroup;
			children = (
				C9726A282461012100CC1B3D /* test004.app */,
				C9726A3E2461012400CC1B3D /* test004Tests.xctest */,
				C9726A492461012400CC1B3D /* test004UITests.xctest */,
			);
			name = Products;
			sourceTree = "<group>";
		};
		C9726A2A2461012100CC1B3D /* test004 */ = {
			isa = PBXGroup;
			children = (
				C9726A2B2461012100CC1B3D /* AppDelegate.swift */,
				C9726A2D2461012100CC1B3D /* SceneDelegate.swift */,
				C9726A2F2461012100CC1B3D /* ViewController.swift */,
				C9726A312461012100CC1B3D /* Main.storyboard */,
				C9726A342461012400CC1B3D /* Assets.xcassets */,
				C9726A362461012400CC1B3D /* LaunchScreen.storyboard */,
				C9726A392461012400CC1B3D /* Info.plist */,
			);
			path = test004;
			sourceTree = "<group>";
		};
		C9726A412461012400CC1B3D /* test004Tests */ = {
			isa = PBXGroup;
			children = (
				C9726A422461012400CC1B3D /* test004Tests.swift */,
				C9726A442461012400CC1B3D /* Info.plist */,
			);
			path = test004Tests;
			sourceTree = "<group>";
		};
		C9726A4C2461012400CC1B3D /* test004UITests */ = {
			isa = PBXGroup;
			children = (
				C9726A4D2461012400CC1B3D /* test004UITests.swift */,
				C9726A4F2461012400CC1B3D /* Info.plist */,
			);
			path = test004UITests;
			sourceTree = "<group>";
		};
/* End PBXGroup section */

/* Begin PBXNativeTarget section */
		C9726A272461012100CC1B3D /* test004 */ = {
			isa = PBXNativeTarget;
			buildConfigurationList = C9726A522461012400CC1B3D /* Build configuration list for PBXNativeTarget "test004" */;
			buildPhases = (
				C9726A242461012100CC1B3D /* Sources */,
				C9726A252461012100CC1B3D /* Frameworks */,
				C9726A262461012100CC1B3D /* Resources */,
			);
			buildRules = (
			);
			dependencies = (
			);
			name = test004;
			productName = test004;
			productReference = C9726A282461012100CC1B3D /* test004.app */;
			productType = "com.apple.product-type.application";
		};
		C9726A3D2461012400CC1B3D /* test004Tests */ = {
			isa = PBXNativeTarget;
			buildConfigurationList = C9726A552461012400CC1B3D /* Build configuration list for PBXNativeTarget "test004Tests" */;
			buildPhases = (
				C9726A3A2461012400CC1B3D /* Sources */,
				C9726A3B2461012400CC1B3D /* Frameworks */,
				C9726A3C2461012400CC1B3D /* Resources */,
			);
			buildRules = (
			);
			dependencies = (
				C9726A402461012400CC1B3D /* PBXTargetDependency */,
			);
			name = test004Tests;
			productName = test004Tests;
			productReference = C9726A3E2461012400CC1B3D /* test004Tests.xctest */;
			productType = "com.apple.product-type.bundle.unit-test";
		};
		C9726A482461012400CC1B3D /* test004UITests */ = {
			isa = PBXNativeTarget;
			buildConfigurationList = C9726A582461012400CC1B3D /* Build configuration list for PBXNativeTarget "test004UITests" */;
			buildPhases = (
				C9726A452461012400CC1B3D /* Sources */,
				C9726A462461012400CC1B3D /* Frameworks */,
				C9726A472461012400CC1B3D /* Resources */,
			);
			buildRules = (
			);
			dependencies = (
				C9726A4B2461012400CC1B3D /* PBXTargetDependency */,
			);
			name = test004UITests;
			productName = test004UITests;
			productReference = C9726A492461012400CC1B3D /* test004UITests.xctest */;
			productType = "com.apple.product-type.bundle.ui-testing";
		};
/* End PBXNativeTarget section */

/* Begin PBXProject section */
		C9726A202461012100CC1B3D /* Project object */ = {
			isa = PBXProject;
			attributes = {
				LastSwiftUpdateCheck = 1140;
				LastUpgradeCheck = 1140;
				ORGANIZATIONNAME = "Saksham Gupta";
				TargetAttributes = {
					C9726A272461012100CC1B3D = {
						CreatedOnToolsVersion = 11.4.1;
					};
					C9726A3D2461012400CC1B3D = {
						CreatedOnToolsVersion = 11.4.1;
						TestTargetID = C9726A272461012100CC1B3D;
					};
					C9726A482461012400CC1B3D = {
						CreatedOnToolsVersion = 11.4.1;
						TestTargetID = C9726A272461012100CC1B3D;
					};
				};
			};
			buildConfigurationList = C9726A232461012100CC1B3D /* Build configuration list for PBXProject "test004" */;
			compatibilityVersion = "Xcode 9.3";
			developmentRegion = en;
			hasScannedForEncodings = 0;
			knownRegions = (
				en,
				Base,
			);
			mainGroup = C9726A1F2461012100CC1B3D;
			productRefGroup = C9726A292461012100CC1B3D /* Products */;
			projectDirPath = "";
			projectRoot = "";
			targets = (
				C9726A272461012100CC1B3D /* test004 */,
				C9726A3D2461012400CC1B3D /* test004Tests */,
				C9726A482461012400CC1B3D /* test004UITests */,
			);
		};
/* End PBXProject section */

/* Begin PBXResourcesBuildPhase section */
		C9726A262461012100CC1B3D /* Resources */ = {
			isa = PBXResourcesBuildPhase;
			buildActionMask = 2147483647;
			files = (
				C9726A382461012400CC1B3D /* LaunchScreen.storyboard in Resources */,
				C9726A352461012400CC1B3D /* Assets.xcassets in Resources */,
				C9726A332461012100CC1B3D /* Main.storyboard in Resources */,
			);
			runOnlyForDeploymentPostprocessing = 0;
		};
		C9726A3C2461012400CC1B3D /* Resources */ = {
			isa = PBXResourcesBuildPhase;
			buildActionMask = 2147483647;
			files = (
			);
			runOnlyForDeploymentPostprocessing = 0;
		};
		C9726A472461012400CC1B3D /* Resources */ = {
			isa = PBXResourcesBuildPhase;
			buildActionMask = 2147483647;
			files = (
			);
			runOnlyForDeploymentPostprocessing = 0;
		};
/* End PBXResourcesBuildPhase section */

/* Begin PBXSourcesBuildPhase section */
		C9726A242461012100CC1B3D /* Sources */ = {
			isa = PBXSourcesBuildPhase;
			buildActionMask = 2147483647;
			files = (
				C9726A302461012100CC1B3D /* ViewController.swift in Sources */,
				C9726A2C2461012100CC1B3D /* AppDelegate.swift in Sources */,
				C9726A2E2461012100CC1B3D /* SceneDelegate.swift in Sources */,
			);
			runOnlyForDeploymentPostprocessing = 0;
		};
		C9726A3A2461012400CC1B3D /* Sources */ = {
			isa = PBXSourcesBuildPhase;
			buildActionMask = 2147483647;
			files = (
				C9726A432461012400CC1B3D /* test004Tests.swift in Sources */,
			);
			runOnlyForDeploymentPostprocessing = 0;
		};
		C9726A452461012400CC1B3D /* Sources */ = {
			isa = PBXSourcesBuildPhase;
			buildActionMask = 2147483647;
			files = (
				C9726A4E2461012400CC1B3D /* test004UITests.swift in Sources */,
			);
			runOnlyForDeploymentPostprocessing = 0;
		};
/* End PBXSourcesBuildPhase section */

/* Begin PBXTargetDependency section */
		C9726A402461012400CC1B3D /* PBXTargetDependency */ = {
			isa = PBXTargetDependency;
			target = C9726A272461012100CC1B3D /* test004 */;
			targetProxy = C9726A3F2461012400CC1B3D /* PBXContainerItemProxy */;
		};
		C9726A4B2461012400CC1B3D /* PBXTargetDependency */ = {
			isa = PBXTargetDependency;
			target = C9726A272461012100CC1B3D /* test004 */;
			targetProxy = C9726A4A2461012400CC1B3D /* PBXContainerItemProxy */;
		};
/* End PBXTargetDependency section */

/* Begin PBXVariantGroup section */
		C9726A312461012100CC1B3D /* Main.storyboard */ = {
			isa = PBXVariantGroup;
			children = (
				C9726A322461012100CC1B3D /* Base */,
			);
			name = Main.storyboard;
			sourceTree = "<group>";
		};
		C9726A362461012400CC1B3D /* LaunchScreen.storyboard */ = {
			isa = PBXVariantGroup;
			children = (
				C9726A372461012400CC1B3D /* Base */,
			);
			name = LaunchScreen.storyboard;
			sourceTree = "<group>";
		};
/* End PBXVariantGroup section */

/* Begin XCBuildConfiguration section */
		C9726A502461012400CC1B3D /* Debug */ = {
			isa = XCBuildConfiguration;
			buildSettings = {
				ALWAYS_SEARCH_USER_PATHS = NO;
				CLANG_ANALYZER_NONNULL = YES;
				CLANG_ANALYZER_NUMBER_OBJECT_CONVERSION = YES_AGGRESSIVE;
				CLANG_CXX_LANGUAGE_STANDARD = "gnu++14";
				CLANG_CXX_LIBRARY = "libc++";
				CLANG_ENABLE_MODULES = YES;
				CLANG_ENABLE_OBJC_ARC = YES;
				CLANG_ENABLE_OBJC_WEAK = YES;
				CLANG_WARN_BLOCK_CAPTURE_AUTORELEASING = YES;
				CLANG_WARN_BOOL_CONVERSION = YES;
				CLANG_WARN_COMMA = YES;
				CLANG_WARN_CONSTANT_CONVERSION = YES;
				CLANG_WARN_DEPRECATED_OBJC_IMPLEMENTATIONS = YES;
				CLANG_WARN_DIRECT_OBJC_ISA_USAGE = YES_ERROR;
				CLANG_WARN_DOCUMENTATION_COMMENTS = YES;
				CLANG_WARN_EMPTY_BODY = YES;
				CLANG_WARN_ENUM_CONVERSION = YES;
				CLANG_WARN_INFINITE_RECURSION = YES;
				CLANG_WARN_INT_CONVERSION = YES;
				CLANG_WARN_NON_LITERAL_NULL_CONVERSION = YES;
				CLANG_WARN_OBJC_IMPLICIT_RETAIN_SELF = YES;
				CLANG_WARN_OBJC_LITERAL_CONVERSION = YES;
				CLANG_WARN_OBJC_ROOT_CLASS = YES_ERROR;
				CLANG_WARN_RANGE_LOOP_ANALYSIS = YES;
				CLANG_WARN_STRICT_PROTOTYPES = YES;
				CLANG_WARN_SUSPICIOUS_MOVE = YES;
				CLANG_WARN_UNGUARDED_AVAILABILITY = YES_AGGRESSIVE;
				CLANG_WARN_UNREACHABLE_CODE = YES;
				CLANG_WARN__DUPLICATE_METHOD_MATCH = YES;
				COPY_PHASE_STRIP = NO;
				DEBUG_INFORMATION_FORMAT = dwarf;
				ENABLE_STRICT_OBJC_MSGSEND = YES;
				ENABLE_TESTABILITY = YES;
				GCC_C_LANGUAGE_STANDARD = gnu11;
				GCC_DYNAMIC_NO_PIC = NO;
				GCC_NO_COMMON_BLOCKS = YES;
				GCC_OPTIMIZATION_LEVEL = 0;
				GCC_PREPROCESSOR_DEFINITIONS = (
					"DEBUG=1",
					"$(inherited)",
				);
				GCC_WARN_64_TO_32_BIT_CONVERSION = YES;
				GCC_WARN_ABOUT_RETURN_TYPE = YES_ERROR;
				GCC_WARN_UNDECLARED_SELECTOR = YES;
				GCC_WARN_UNINITIALIZED_AUTOS = YES_AGGRESSIVE;
				GCC_WARN_UNUSED_FUNCTION = YES;
				GCC_WARN_UNUSED_VARIABLE = YES;
				IPHONEOS_DEPLOYMENT_TARGET = 13.4;
				MTL_ENABLE_DEBUG_INFO = INCLUDE_SOURCE;
				MTL_FAST_MATH = YES;
				ONLY_ACTIVE_ARCH = YES;
				SDKROOT = iphoneos;
				SWIFT_ACTIVE_COMPILATION_CONDITIONS = DEBUG;
				SWIFT_OPTIMIZATION_LEVEL = "-Onone";
			};
			name = Debug;
		};
		C9726A512461012400CC1B3D /* Release */ = {
			isa = XCBuildConfiguration;
			buildSettings = {
				ALWAYS_SEARCH_USER_PATHS = NO;
				CLANG_ANALYZER_NONNULL = YES;
				CLANG_ANALYZER_NUMBER_OBJECT_CONVERSION = YES_AGGRESSIVE;
				CLANG_CXX_LANGUAGE_STANDARD = "gnu++14";
				CLANG_CXX_LIBRARY = "libc++";
				CLANG_ENABLE_MODULES = YES;
				CLANG_ENABLE_OBJC_ARC = YES;
				CLANG_ENABLE_OBJC_WEAK = YES;
				CLANG_WARN_BLOCK_CAPTURE_AUTORELEASING = YES;
				CLANG_WARN_BOOL_CONVERSION = YES;
				CLANG_WARN_COMMA = YES;
				CLANG_WARN_CONSTANT_CONVERSION = YES;
				CLANG_WARN_DEPRECATED_OBJC_IMPLEMENTATIONS = YES;
				CLANG_WARN_DIRECT_OBJC_ISA_USAGE = YES_ERROR;
				CLANG_WARN_DOCUMENTATION_COMMENTS = YES;
				CLANG_WARN_EMPTY_BODY = YES;
				CLANG_WARN_ENUM_CONVERSION = YES;
				CLANG_WARN_INFINITE_RECURSION = YES;
				CLANG_WARN_INT_CONVERSION = YES;
				CLANG_WARN_NON_LITERAL_NULL_CONVERSION = YES;
				CLANG_WARN_OBJC_IMPLICIT_RETAIN_SELF = YES;
				CLANG_WARN_OBJC_LITERAL_CONVERSION = YES;
				CLANG_WARN_OBJC_ROOT_CLASS = YES_ERROR;
				CLANG_WARN_RANGE_LOOP_ANALYSIS = YES;
				CLANG_WARN_STRICT_PROTOTYPES = YES;
				CLANG_WARN_SUSPICIOUS_MOVE = YES;
				CLANG_WARN_UNGUARDED_AVAILABILITY = YES_AGGRESSIVE;
				CLANG_WARN_UNREACHABLE_CODE = YES;
				CLANG_WARN__DUPLICATE_METHOD_MATCH = YES;
				COPY_PHASE_STRIP = NO;
				DEBUG_INFORMATION_FORMAT = "dwarf-with-dsym";
				ENABLE_NS_ASSERTIONS = NO;
				ENABLE_STRICT_OBJC_MSGSEND = YES;
				GCC_C_LANGUAGE_STANDARD = gnu11;
				GCC_NO_COMMON_BLOCKS = YES;
				GCC_WARN_64_TO_32_BIT_CONVERSION = YES;
				GCC_WARN_ABOUT_RETURN_TYPE = YES_ERROR;
				GCC_WARN_UNDECLARED_SELECTOR = YES;
				GCC_WARN_UNINITIALIZED_AUTOS = YES_AGGRESSIVE;
				GCC_WARN_UNUSED_FUNCTION = YES;
				GCC_WARN_UNUSED_VARIABLE = YES;
				IPHONEOS_DEPLOYMENT_TARGET = 13.4;
				MTL_ENABLE_DEBUG_INFO = NO;
				MTL_FAST_MATH = YES;
				SDKROOT = iphoneos;
				SWIFT_COMPILATION_MODE = wholemodule;
				SWIFT_OPTIMIZATION_LEVEL = "-O";
				VALIDATE_PRODUCT = YES;
			};
			name = Release;
		};
		C9726A532461012400CC1B3D /* Debug */ = {
			isa = XCBuildConfiguration;
			buildSettings = {
				ASSETCATALOG_COMPILER_APPICON_NAME = AppIcon;
				CODE_SIGN_STYLE = Automatic;
				DEVELOPMENT_TEAM = CP8WU382M2;
				INFOPLIST_FILE = test004/Info.plist;
				LD_RUNPATH_SEARCH_PATHS = (
					"$(inherited)",
					"@executable_path/Frameworks",
				);
				PRODUCT_BUNDLE_IDENTIFIER = buyshare4.test004;
				PRODUCT_NAME = "$(TARGET_NAME)";
				SWIFT_VERSION = 5.0;
				TARGETED_DEVICE_FAMILY = "1,2";
			};
			name = Debug;
		};
		C9726A542461012400CC1B3D /* Release */ = {
			isa = XCBuildConfiguration;
			buildSettings = {
				ASSETCATALOG_COMPILER_APPICON_NAME = AppIcon;
				CODE_SIGN_STYLE = Automatic;
				DEVELOPMENT_TEAM = CP8WU382M2;
				INFOPLIST_FILE = test004/Info.plist;
				LD_RUNPATH_SEARCH_PATHS = (
					"$(inherited)",
					"@executable_path/Frameworks",
				);
				PRODUCT_BUNDLE_IDENTIFIER = buyshare4.test004;
				PRODUCT_NAME = "$(TARGET_NAME)";
				SWIFT_VERSION = 5.0;
				TARGETED_DEVICE_FAMILY = "1,2";
			};
			name = Release;
		};
		C9726A562461012400CC1B3D /* Debug */ = {
			isa = XCBuildConfiguration;
			buildSettings = {
				ALWAYS_EMBED_SWIFT_STANDARD_LIBRARIES = YES;
				BUNDLE_LOADER = "$(TEST_HOST)";
				CODE_SIGN_STYLE = Automatic;
				DEVELOPMENT_TEAM = CP8WU382M2;
				INFOPLIST_FILE = test004Tests/Info.plist;
				IPHONEOS_DEPLOYMENT_TARGET = 13.4;
				LD_RUNPATH_SEARCH_PATHS = (
					"$(inherited)",
					"@executable_path/Frameworks",
					"@loader_path/Frameworks",
				);
				PRODUCT_BUNDLE_IDENTIFIER = buyshare4.test004Tests;
				PRODUCT_NAME = "$(TARGET_NAME)";
				SWIFT_VERSION = 5.0;
				TARGETED_DEVICE_FAMILY = "1,2";
				TEST_HOST = "$(BUILT_PRODUCTS_DIR)/test004.app/test004";
			};
			name = Debug;
		};
		C9726A572461012400CC1B3D /* Release */ = {
			isa = XCBuildConfiguration;
			buildSettings = {
				ALWAYS_EMBED_SWIFT_STANDARD_LIBRARIES = YES;
				BUNDLE_LOADER = "$(TEST_HOST)";
				CODE_SIGN_STYLE = Automatic;
				DEVELOPMENT_TEAM = CP8WU382M2;
				INFOPLIST_FILE = test004Tests/Info.plist;
				IPHONEOS_DEPLOYMENT_TARGET = 13.4;
				LD_RUNPATH_SEARCH_PATHS = (
					"$(inherited)",
					"@executable_path/Frameworks",
					"@loader_path/Frameworks",
				);
				PRODUCT_BUNDLE_IDENTIFIER = buyshare4.test004Tests;
				PRODUCT_NAME = "$(TARGET_NAME)";
				SWIFT_VERSION = 5.0;
				TARGETED_DEVICE_FAMILY = "1,2";
				TEST_HOST = "$(BUILT_PRODUCTS_DIR)/test004.app/test004";
			};
			name = Release;
		};
		C9726A592461012400CC1B3D /* Debug */ = {
			isa = XCBuildConfiguration;
			buildSettings = {
				ALWAYS_EMBED_SWIFT_STANDARD_LIBRARIES = YES;
				CODE_SIGN_STYLE = Automatic;
				DEVELOPMENT_TEAM = CP8WU382M2;
				INFOPLIST_FILE = test004UITests/Info.plist;
				LD_RUNPATH_SEARCH_PATHS = (
					"$(inherited)",
					"@executable_path/Frameworks",
					"@loader_path/Frameworks",
				);
				PRODUCT_BUNDLE_IDENTIFIER = buyshare4.test004UITests;
				PRODUCT_NAME = "$(TARGET_NAME)";
				SWIFT_VERSION = 5.0;
				TARGETED_DEVICE_FAMILY = "1,2";
				TEST_TARGET_NAME = test004;
			};
			name = Debug;
		};
		C9726A5A2461012400CC1B3D /* Release */ = {
			isa = XCBuildConfiguration;
			buildSettings = {
				ALWAYS_EMBED_SWIFT_STANDARD_LIBRARIES = YES;
				CODE_SIGN_STYLE = Automatic;
				DEVELOPMENT_TEAM = CP8WU382M2;
				INFOPLIST_FILE = test004UITests/Info.plist;
				LD_RUNPATH_SEARCH_PATHS = (
					"$(inherited)",
					"@executable_path/Frameworks",
					"@loader_path/Frameworks",
				);
				PRODUCT_BUNDLE_IDENTIFIER = buyshare4.test004UITests;
				PRODUCT_NAME = "$(TARGET_NAME)";
				SWIFT_VERSION = 5.0;
				TARGETED_DEVICE_FAMILY = "1,2";
				TEST_TARGET_NAME = test004;
			};
			name = Release;
		};
/* End XCBuildConfiguration section */

/* Begin XCConfigurationList section */
		C9726A232461012100CC1B3D /* Build configuration list for PBXProject "test004" */ = {
			isa = XCConfigurationList;
			buildConfigurations = (
				C9726A502461012400CC1B3D /* Debug */,
				C9726A512461012400CC1B3D /* Release */,
			);
			defaultConfigurationIsVisible = 0;
			defaultConfigurationName = Release;
		};
		C9726A522461012400CC1B3D /* Build configuration list for PBXNativeTarget "test004" */ = {
			isa = XCConfigurationList;
			buildConfigurations = (
				C9726A532461012400CC1B3D /* Debug */,
				C9726A542461012400CC1B3D /* Release */,
			);
			defaultConfigurationIsVisible = 0;
			defaultConfigurationName = Release;
		};
		C9726A552461012400CC1B3D /* Build configuration list for PBXNativeTarget "test004Tests" */ = {
			isa = XCConfigurationList;
			buildConfigurations = (
				C9726A562461012400CC1B3D /* Debug */,
				C9726A572461012400CC1B3D /* Release */,
			);
			defaultConfigurationIsVisible = 0;
			defaultConfigurationName = Release;
		};
		C9726A582461012400CC1B3D /* Build configuration list for PBXNativeTarget "test004UITests" */ = {
			isa = XCConfigurationList;
			buildConfigurations = (
				C9726A592461012400CC1B3D /* Debug */,
				C9726A5A2461012400CC1B3D /* Release */,
			);
			defaultConfigurationIsVisible = 0;
			defaultConfigurationName = Release;
		};
/* End XCConfigurationList section */
	};
	rootObject = C9726A202461012100CC1B3D /* Project object */;
}
